git.kirsle.net/go/render v0.0.0-20210104010442-b4a1979a8ba1 h1:wGQLjBnWvqx7rU43yFG8ow4rnYqUMUwqorEkxdPaJ6Q=
git.kirsle.net/go/render v0.0.0-20210104010442-b4a1979a8ba1/go.mod h1:ss7pvZbGWrMaDuZwyUTjV9+T0AJwAkxZZHwMFsvHrkk=
git.kirsle.net/go/render v0.0.0-20210614025954-d77f5056b782 h1:Ko+NvZxmJbW+M1dA2jCSnV6qSpkLoZASramE6ltlf/s=
git.kirsle.net/go/render v0.0.0-20210614025954-d77f5056b782/go.mod h1:ss7pvZbGWrMaDuZwyUTjV9+T0AJwAkxZZHwMFsvHrkk=
github.com/veandco/go-sdl2 v0.4.1/go.mod h1:FB+kTpX9YTE+urhYiClnRzpOXbiWgaU3+5F2AB78DPg=
github.com/veandco/go-sdl2 v0.4.7 h1:VfpCM+LfEGDbHdByglCo2bcBsevjFvzl8W0f6VLNitg=
github.com/veandco/go-sdl2 v0.4.7/go.mod h1:OROqMhHD43nT4/i9crJukyVecjPNYYuCofep6SNiAjY=
github.com/veandco/go-sdl2 v0.4.8 h1:A26KeX6R1CGt/BQGEov6oxYmVGMMEWDVqTvK1tXvahE=
github.com/veandco/go-sdl2 v0.4.8/go.mod h1:OROqMhHD43nT4/i9crJukyVecjPNYYuCofep6SNiAjY=
golang.org/x/image v0.0.0-20200119044424-58c23975cae1/go.mod h1:FeLwcggjj3mMvU+oOTbSwawSJRM1uh48EjtB4UJZlP0=
golang.org/x/image v0.0.0-20210504121937-7319ad40d33e h1:PzJMNfFQx+QO9hrC1GwZ4BoPGeNGhfeQEgcQFArEjPk=
golang.org/x/image v0.0.0-20210504121937-7319ad40d33e/go.mod h1:FeLwcggjj3mMvU+oOTbSwawSJRM1uh48EjtB4UJZlP0=
golang.org/x/image v0.0.0-20210628002857-a66eb6448b8d h1:RNPAfi2nHY7C2srAV8A49jpsYr0ADedCk1wq6fTMTvs=
golang.org/x/image v0.0.0-20210628002857-a66eb6448b8d/go.mod h1:023OzeP/+EPmXeapQh35lcL3II3LrY8Ic+EFFKVhULM=
golang.org/x/text v0.3.0/go.mod h1:NqM8EUOU14njkJ3fqMW+pc6Ldnwhi/IjpwHt7yyuwOQ=
golang.org/x/text v0.3.6/go.mod h1:5Zoc/QRtKVWzQhOtBMvqHzDpF6irO9z98xDceosuGiQ=
golang.org/x/tools v0.0.0-20180917221912-90fa682c2a6e/go.mod h1:n7NCudcB/nEzxVGmLbDWY5pfWTLqBcC2KZ6jyYvM4mQ=
